
Microsoft Visual Studio Solution File, Format Version 12.00
# Visual Studio Version 17
VisualStudioVersion = 17.9.34607.119
MinimumVisualStudioVersion = 10.0.40219.1
Project("{FAE04EC0-301F-11D3-BF4B-00C04F79EFBC}") = "plugin_test", "plugin_test.csproj", "{F3B68C76-E883-4143-A217-0C81C645DE7A}"
EndProject
Global
	GlobalSection(SolutionConfigurationPlatforms) = preSolution
		Debug|Any CPU = Debug|Any CPU
		Release|Any CPU = Release|Any CPU
	EndGlobalSection
	GlobalSection(ProjectConfigurationPlatforms) = postSolution
		{F3B68C76-E883-4143-A217-0C81C645DE7A}.Debug|Any CPU.ActiveCfg = Debug|Any CPU
		{F3B68C76-E883-4143-A217-0C81C645DE7A}.Debug|Any CPU.Build.0 = Debug|Any CPU
		{F3B68C76-E883-4143-A217-0C81C645DE7A}.Release|Any CPU.ActiveCfg = Release|Any CPU
		{F3B68C76-E883-4143-A217-0C81C645DE7A}.Release|Any CPU.Build.0 = Release|Any CPU
	EndGlobalSection
	GlobalSection(SolutionProperties) = preSolution
		HideSolutionNode = FALSE
	EndGlobalSection
	GlobalSection(ExtensibilityGlobals) = postSolution
		SolutionGuid = {BF3BECDE-B8A0-45DF-950E-B99432924179}
	EndGlobalSection
EndGlobal
